// !$*UTF8*$!
{
	archiveVersion = 1;
	classes = {
	};
	objectVersion = 77;
	objects = {

/* Begin PBXBuildFile section */
		4DE5B64F2DEBF2C60085F70A /* ColorKit in Frameworks */ = {isa = PBXBuildFile; productRef = 4DE5B64E2DEBF2C60085F70A /* ColorKit */; };
/* End PBXBuildFile section */

/* Begin PBXContainerItemProxy section */
		4DA122822DEBF0CA006A7243 /* PBXContainerItemProxy */ = {
			isa = PBXContainerItemProxy;
			containerPortal = 4DA1226B2DEBF0C8006A7243 /* Project object */;
			proxyType = 1;
			remoteGlobalIDString = 4DA122722DEBF0C8006A7243;
			remoteInfo = ColorKitDemo2;
		};
		4DA1228C2DEBF0CA006A7243 /* PBXContainerItemProxy */ = {
			isa = PBXContainerItemProxy;
			containerPortal = 4DA1226B2DEBF0C8006A7243 /* Project object */;
			proxyType = 1;
			remoteGlobalIDString = 4DA122722DEBF0C8006A7243;
			remoteInfo = ColorKitDemo2;
		};
/* End PBXContainerItemProxy section */

/* Begin PBXFileReference section */
		4DA122732DEBF0C8006A7243 /* ColorKitDemo2.app */ = {isa = PBXFileReference; explicitFileType = wrapper.application; includeInIndex = 0; path = ColorKitDemo2.app; sourceTree = BUILT_PRODUCTS_DIR; };
		4DA122812DEBF0CA006A7243 /* ColorKitDemo2Tests.xctest */ = {isa = PBXFileReference; explicitFileType = wrapper.cfbundle; includeInIndex = 0; path = ColorKitDemo2Tests.xctest; sourceTree = BUILT_PRODUCTS_DIR; };
		4DA1228B2DEBF0CA006A7243 /* ColorKitDemo2UITests.xctest */ = {isa = PBXFileReference; explicitFileType = wrapper.cfbundle; includeInIndex = 0; path = ColorKitDemo2UITests.xctest; sourceTree = BUILT_PRODUCTS_DIR; };
/* End PBXFileReference section */

/* Begin PBXFileSystemSynchronizedRootGroup section */
		4DA122752DEBF0C8006A7243 /* ColorKitDemo2 */ = {
			isa = PBXFileSystemSynchronizedRootGroup;
			path = ColorKitDemo2;
			sourceTree = "<group>";
		};
		4DA122842DEBF0CA006A7243 /* ColorKitDemo2Tests */ = {
			isa = PBXFileSystemSynchronizedRootGroup;
			path = ColorKitDemo2Tests;
			sourceTree = "<group>";
		};
		4DA1228E2DEBF0CA006A7243 /* ColorKitDemo2UITests */ = {
			isa = PBXFileSystemSynchronizedRootGroup;
			path = ColorKitDemo2UITests;
			sourceTree = "<group>";
		};
/* End PBXFileSystemSynchronizedRootGroup section */

/* Begin PBXFrameworksBuildPhase section */
		4DA122702DEBF0C8006A7243 /* Frameworks */ = {
			isa = PBXFrameworksBuildPhase;
			buildActionMask = 2147483647;
			files = (
				4DE5B64F2DEBF2C60085F70A /* ColorKit in Frameworks */,
			);
			runOnlyForDeploymentPostprocessing = 0;
		};
		4DA1227E2DEBF0CA006A7243 /* Frameworks */ = {
			isa = PBXFrameworksBuildPhase;
			buildActionMask = 2147483647;
			files = (
			);
			runOnlyForDeploymentPostprocessing = 0;
		};
		4DA122882DEBF0CA006A7243 /* Frameworks */ = {
			isa = PBXFrameworksBuildPhase;
			buildActionMask = 2147483647;
			files = (
			);
			runOnlyForDeploymentPostprocessing = 0;
		};
/* End PBXFrameworksBuildPhase section */

/* Begin PBXGroup section */
		4DA1226A2DEBF0C8006A7243 = {
			isa = PBXGroup;
			children = (
				4DA122752DEBF0C8006A7243 /* ColorKitDemo2 */,
				4DA122842DEBF0CA006A7243 /* ColorKitDemo2Tests */,
				4DA1228E2DEBF0CA006A7243 /* ColorKitDemo2UITests */,
				4DE5B64D2DEBF2C60085F70A /* Frameworks */,
				4DA122742DEBF0C8006A7243 /* Products */,
			);
			sourceTree = "<group>";
		};
		4DA122742DEBF0C8006A7243 /* Products */ = {
			isa = PBXGroup;
			children = (
				4DA122732DEBF0C8006A7243 /* ColorKitDemo2.app */,
				4DA122812DEBF0CA006A7243 /* ColorKitDemo2Tests.xctest */,
				4DA1228B2DEBF0CA006A7243 /* ColorKitDemo2UITests.xctest */,
			);
			name = Products;
			sourceTree = "<group>";
		};
		4DE5B64D2DEBF2C60085F70A /* Frameworks */ = {
			isa = PBXGroup;
			children = (
			);
			name = Frameworks;
			sourceTree = "<group>";
		};
/* End PBXGroup section */

/* Begin PBXNativeTarget section */
		4DA122722DEBF0C8006A7243 /* ColorKitDemo2 */ = {
			isa = PBXNativeTarget;
			buildConfigurationList = 4DA122952DEBF0CA006A7243 /* Build configuration list for PBXNativeTarget "ColorKitDemo2" */;
			buildPhases = (
				4DA1226F2DEBF0C8006A7243 /* Sources */,
				4DA122702DEBF0C8006A7243 /* Frameworks */,
				4DA122712DEBF0C8006A7243 /* Resources */,
			);
			buildRules = (
			);
			dependencies = (
			);
			fileSystemSynchronizedGroups = (
				4DA122752DEBF0C8006A7243 /* ColorKitDemo2 */,
			);
			name = ColorKitDemo2;
			packageProductDependencies = (
				4DE5B64E2DEBF2C60085F70A /* ColorKit */,
			);
			productName = ColorKitDemo2;
			productReference = 4DA122732DEBF0C8006A7243 /* ColorKitDemo2.app */;
			productType = "com.apple.product-type.application";
		};
		4DA122802DEBF0CA006A7243 /* ColorKitDemo2Tests */ = {
			isa = PBXNativeTarget;
			buildConfigurationList = 4DA122982DEBF0CA006A7243 /* Build configuration list for PBXNativeTarget "ColorKitDemo2Tests" */;
			buildPhases = (
				4DA1227D2DEBF0CA006A7243 /* Sources */,
				4DA1227E2DEBF0CA006A7243 /* Frameworks */,
				4DA1227F2DEBF0CA006A7243 /* Resources */,
			);
			buildRules = (
			);
			dependencies = (
				4DA122832DEBF0CA006A7243 /* PBXTargetDependency */,
			);
			fileSystemSynchronizedGroups = (
				4DA122842DEBF0CA006A7243 /* ColorKitDemo2Tests */,
			);
			name = ColorKitDemo2Tests;
			packageProductDependencies = (
			);
			productName = ColorKitDemo2Tests;
			productReference = 4DA122812DEBF0CA006A7243 /* ColorKitDemo2Tests.xctest */;
			productType = "com.apple.product-type.bundle.unit-test";
		};
		4DA1228A2DEBF0CA006A7243 /* ColorKitDemo2UITests */ = {
			isa = PBXNativeTarget;
			buildConfigurationList = 4DA1229B2DEBF0CA006A7243 /* Build configuration list for PBXNativeTarget "ColorKitDemo2UITests" */;
			buildPhases = (
				4DA122872DEBF0CA006A7243 /* Sources */,
				4DA122882DEBF0CA006A7243 /* Frameworks */,
				4DA122892DEBF0CA006A7243 /* Resources */,
			);
			buildRules = (
			);
			dependencies = (
				4DA1228D2DEBF0CA006A7243 /* PBXTargetDependency */,
			);
			fileSystemSynchronizedGroups = (
				4DA1228E2DEBF0CA006A7243 /* ColorKitDemo2UITests */,
			);
			name = ColorKitDemo2UITests;
			packageProductDependencies = (
			);
			productName = ColorKitDemo2UITests;
			productReference = 4DA1228B2DEBF0CA006A7243 /* ColorKitDemo2UITests.xctest */;
			productType = "com.apple.product-type.bundle.ui-testing";
		};
/* End PBXNativeTarget section */

/* Begin PBXProject section */
		4DA1226B2DEBF0C8006A7243 /* Project object */ = {
			isa = PBXProject;
			attributes = {
				BuildIndependentTargetsInParallel = 1;
				LastSwiftUpdateCheck = 1630;
				LastUpgradeCheck = 1630;
				TargetAttributes = {
					4DA122722DEBF0C8006A7243 = {
						CreatedOnToolsVersion = 16.3;
					};
					4DA122802DEBF0CA006A7243 = {
						CreatedOnToolsVersion = 16.3;
						TestTargetID = 4DA122722DEBF0C8006A7243;
					};
					4DA1228A2DEBF0CA006A7243 = {
						CreatedOnToolsVersion = 16.3;
						TestTargetID = 4DA122722DEBF0C8006A7243;
					};
				};
			};
			buildConfigurationList = 4DA1226E2DEBF0C8006A7243 /* Build configuration list for PBXProject "ColorKitDemo2" */;
			developmentRegion = en;
			hasScannedForEncodings = 0;
			knownRegions = (
				en,
				Base,
			);
			mainGroup = 4DA1226A2DEBF0C8006A7243;
			minimizedProjectReferenceProxies = 1;
			packageReferences = (
				4DE5B64C2DEBF29E0085F70A /* XCLocalSwiftPackageReference "../../ColorKit" */,
			);
			preferredProjectObjectVersion = 77;
			productRefGroup = 4DA122742DEBF0C8006A7243 /* Products */;
			projectDirPath = "";
			projectRoot = "";
			targets = (
				4DA122722DEBF0C8006A7243 /* ColorKitDemo2 */,
				4DA122802DEBF0CA006A7243 /* ColorKitDemo2Tests */,
				4DA1228A2DEBF0CA006A7243 /* ColorKitDemo2UITests */,
			);
		};
/* End PBXProject section */

/* Begin PBXResourcesBuildPhase section */
		4DA122712DEBF0C8006A7243 /* Resources */ = {
			isa = PBXResourcesBuildPhase;
			buildActionMask = 2147483647;
			files = (
			);
			runOnlyForDeploymentPostprocessing = 0;
		};
		4DA1227F2DEBF0CA006A7243 /* Resources */ = {
			isa = PBXResourcesBuildPhase;
			buildActionMask = 2147483647;
			files = (
			);
			runOnlyForDeploymentPostprocessing = 0;
		};
		4DA122892DEBF0CA006A7243 /* Resources */ = {
			isa = PBXResourcesBuildPhase;
			buildActionMask = 2147483647;
			files = (
			);
			runOnlyForDeploymentPostprocessing = 0;
		};
/* End PBXResourcesBuildPhase section */

/* Begin PBXSourcesBuildPhase section */
		4DA1226F2DEBF0C8006A7243 /* Sources */ = {
			isa = PBXSourcesBuildPhase;
			buildActionMask = 2147483647;
			files = (
			);
			runOnlyForDeploymentPostprocessing = 0;
		};
		4DA1227D2DEBF0CA006A7243 /* Sources */ = {
			isa = PBXSourcesBuildPhase;
			buildActionMask = 2147483647;
			files = (
			);
			runOnlyForDeploymentPostprocessing = 0;
		};
		4DA122872DEBF0CA006A7243 /* Sources */ = {
			isa = PBXSourcesBuildPhase;
			buildActionMask = 2147483647;
			files = (
			);
			runOnlyForDeploymentPostprocessing = 0;
		};
/* End PBXSourcesBuildPhase section */

/* Begin PBXTargetDependency section */
		4DA122832DEBF0CA006A7243 /* PBXTargetDependency */ = {
			isa = PBXTargetDependency;
			target = 4DA122722DEBF0C8006A7243 /* ColorKitDemo2 */;
			targetProxy = 4DA122822DEBF0CA006A7243 /* PBXContainerItemProxy */;
		};
		4DA1228D2DEBF0CA006A7243 /* PBXTargetDependency */ = {
			isa = PBXTargetDependency;
			target = 4DA122722DEBF0C8006A7243 /* ColorKitDemo2 */;
			targetProxy = 4DA1228C2DEBF0CA006A7243 /* PBXContainerItemProxy */;
		};
/* End PBXTargetDependency section */

/* Begin XCBuildConfiguration section */
		4DA122932DEBF0CA006A7243 /* Debug */ = {
			isa = XCBuildConfiguration;
			buildSettings = {
				ALWAYS_SEARCH_USER_PATHS = NO;
				ASSETCATALOG_COMPILER_GENERATE_SWIFT_ASSET_SYMBOL_EXTENSIONS = YES;
				CLANG_ANALYZER_NONNULL = YES;
				CLANG_ANALYZER_NUMBER_OBJECT_CONVERSION = YES_AGGRESSIVE;
				CLANG_CXX_LANGUAGE_STANDARD = "gnu++20";
				CLANG_ENABLE_MODULES = YES;
				CLANG_ENABLE_OBJC_ARC = YES;
				CLANG_ENABLE_OBJC_WEAK = YES;
				CLANG_WARN_BLOCK_CAPTURE_AUTORELEASING = YES;
				CLANG_WARN_BOOL_CONVERSION = YES;
				CLANG_WARN_COMMA = YES;
				CLANG_WARN_CONSTANT_CONVERSION = YES;
				CLANG_WARN_DEPRECATED_OBJC_IMPLEMENTATIONS = YES;
				CLANG_WARN_DIRECT_OBJC_ISA_USAGE = YES_ERROR;
				CLANG_WARN_DOCUMENTATION_COMMENTS = YES;
				CLANG_WARN_EMPTY_BODY = YES;
				CLANG_WARN_ENUM_CONVERSION = YES;
				CLANG_WARN_INFINITE_RECURSION = YES;
				CLANG_WARN_INT_CONVERSION = YES;
				CLANG_WARN_NON_LITERAL_NULL_CONVERSION = YES;
				CLANG_WARN_OBJC_IMPLICIT_RETAIN_SELF = YES;
				CLANG_WARN_OBJC_LITERAL_CONVERSION = YES;
				CLANG_WARN_OBJC_ROOT_CLASS = YES_ERROR;
				CLANG_WARN_QUOTED_INCLUDE_IN_FRAMEWORK_HEADER = YES;
				CLANG_WARN_RANGE_LOOP_ANALYSIS = YES;
				CLANG_WARN_STRICT_PROTOTYPES = YES;
				CLANG_WARN_SUSPICIOUS_MOVE = YES;
				CLANG_WARN_UNGUARDED_AVAILABILITY = YES_AGGRESSIVE;
				CLANG_WARN_UNREACHABLE_CODE = YES;
				CLANG_WARN__DUPLICATE_METHOD_MATCH = YES;
				COPY_PHASE_STRIP = NO;
				DEBUG_INFORMATION_FORMAT = dwarf;
				DEVELOPMENT_TEAM = 4FH6DPMUTJ;
				ENABLE_STRICT_OBJC_MSGSEND = YES;
				ENABLE_TESTABILITY = YES;
				ENABLE_USER_SCRIPT_SANDBOXING = YES;
				GCC_C_LANGUAGE_STANDARD = gnu17;
				GCC_DYNAMIC_NO_PIC = NO;
				GCC_NO_COMMON_BLOCKS = YES;
				GCC_OPTIMIZATION_LEVEL = 0;
				GCC_PREPROCESSOR_DEFINITIONS = (
					"DEBUG=1",
					"$(inherited)",
				);
				GCC_WARN_64_TO_32_BIT_CONVERSION = YES;
				GCC_WARN_ABOUT_RETURN_TYPE = YES_ERROR;
				GCC_WARN_UNDECLARED_SELECTOR = YES;
				GCC_WARN_UNINITIALIZED_AUTOS = YES_AGGRESSIVE;
				GCC_WARN_UNUSED_FUNCTION = YES;
				GCC_WARN_UNUSED_VARIABLE = YES;
				LOCALIZATION_PREFERS_STRING_CATALOGS = YES;
				MTL_ENABLE_DEBUG_INFO = INCLUDE_SOURCE;
				MTL_FAST_MATH = YES;
				ONLY_ACTIVE_ARCH = YES;
				SWIFT_ACTIVE_COMPILATION_CONDITIONS = "DEBUG $(inherited)";
				SWIFT_OPTIMIZATION_LEVEL = "-Onone";
			};
			name = Debug;
		};
		4DA122942DEBF0CA006A7243 /* Release */ = {
			isa = XCBuildConfiguration;
			buildSettings = {
				ALWAYS_SEARCH_USER_PATHS = NO;
				ASSETCATALOG_COMPILER_GENERATE_SWIFT_ASSET_SYMBOL_EXTENSIONS = YES;
				CLANG_ANALYZER_NONNULL = YES;
				CLANG_ANALYZER_NUMBER_OBJECT_CONVERSION = YES_AGGRESSIVE;
				CLANG_CXX_LANGUAGE_STANDARD = "gnu++20";
				CLANG_ENABLE_MODULES = YES;
				CLANG_ENABLE_OBJC_ARC = YES;
				CLANG_ENABLE_OBJC_WEAK = YES;
				CLANG_WARN_BLOCK_CAPTURE_AUTORELEASING = YES;
				CLANG_WARN_BOOL_CONVERSION = YES;
				CLANG_WARN_COMMA = YES;
				CLANG_WARN_CONSTANT_CONVERSION = YES;
				CLANG_WARN_DEPRECATED_OBJC_IMPLEMENTATIONS = YES;
				CLANG_WARN_DIRECT_OBJC_ISA_USAGE = YES_ERROR;
				CLANG_WARN_DOCUMENTATION_COMMENTS = YES;
				CLANG_WARN_EMPTY_BODY = YES;
				CLANG_WARN_ENUM_CONVERSION = YES;
				CLANG_WARN_INFINITE_RECURSION = YES;
				CLANG_WARN_INT_CONVERSION = YES;
				CLANG_WARN_NON_LITERAL_NULL_CONVERSION = YES;
				CLANG_WARN_OBJC_IMPLICIT_RETAIN_SELF = YES;
				CLANG_WARN_OBJC_LITERAL_CONVERSION = YES;
				CLANG_WARN_OBJC_ROOT_CLASS = YES_ERROR;
				CLANG_WARN_QUOTED_INCLUDE_IN_FRAMEWORK_HEADER = YES;
				CLANG_WARN_RANGE_LOOP_ANALYSIS = YES;
				CLANG_WARN_STRICT_PROTOTYPES = YES;
				CLANG_WARN_SUSPICIOUS_MOVE = YES;
				CLANG_WARN_UNGUARDED_AVAILABILITY = YES_AGGRESSIVE;
				CLANG_WARN_UNREACHABLE_CODE = YES;
				CLANG_WARN__DUPLICATE_METHOD_MATCH = YES;
				COPY_PHASE_STRIP = NO;
				DEBUG_INFORMATION_FORMAT = "dwarf-with-dsym";
				DEVELOPMENT_TEAM = 4FH6DPMUTJ;
				ENABLE_NS_ASSERTIONS = NO;
				ENABLE_STRICT_OBJC_MSGSEND = YES;
				ENABLE_USER_SCRIPT_SANDBOXING = YES;
				GCC_C_LANGUAGE_STANDARD = gnu17;
				GCC_NO_COMMON_BLOCKS = YES;
				GCC_WARN_64_TO_32_BIT_CONVERSION = YES;
				GCC_WARN_ABOUT_RETURN_TYPE = YES_ERROR;
				GCC_WARN_UNDECLARED_SELECTOR = YES;
				GCC_WARN_UNINITIALIZED_AUTOS = YES_AGGRESSIVE;
				GCC_WARN_UNUSED_FUNCTION = YES;
				GCC_WARN_UNUSED_VARIABLE = YES;
				LOCALIZATION_PREFERS_STRING_CATALOGS = YES;
				MTL_ENABLE_DEBUG_INFO = NO;
				MTL_FAST_MATH = YES;
				SWIFT_COMPILATION_MODE = wholemodule;
			};
			name = Release;
		};
		4DA122962DEBF0CA006A7243 /* Debug */ = {
			isa = XCBuildConfiguration;
			buildSettings = {
				ASSETCATALOG_COMPILER_APPICON_NAME = AppIcon;
				ASSETCATALOG_COMPILER_GLOBAL_ACCENT_COLOR_NAME = AccentColor;
				CODE_SIGN_ENTITLEMENTS = ColorKitDemo2/ColorKitDemo2.entitlements;
				CODE_SIGN_STYLE = Automatic;
				CURRENT_PROJECT_VERSION = 1;
				DEVELOPMENT_TEAM = 4FH6DPMUTJ;
				ENABLE_HARDENED_RUNTIME = YES;
				ENABLE_PREVIEWS = YES;
				GENERATE_INFOPLIST_FILE = YES;
				"INFOPLIST_KEY_UIApplicationSceneManifest_Generation[sdk=iphoneos*]" = YES;
				"INFOPLIST_KEY_UIApplicationSceneManifest_Generation[sdk=iphonesimulator*]" = YES;
				"INFOPLIST_KEY_UIApplicationSupportsIndirectInputEvents[sdk=iphoneos*]" = YES;
				"INFOPLIST_KEY_UIApplicationSupportsIndirectInputEvents[sdk=iphonesimulator*]" = YES;
				"INFOPLIST_KEY_UILaunchScreen_Generation[sdk=iphoneos*]" = YES;
				"INFOPLIST_KEY_UILaunchScreen_Generation[sdk=iphonesimulator*]" = YES;
				"INFOPLIST_KEY_UIStatusBarStyle[sdk=iphoneos*]" = UIStatusBarStyleDefault;
				"INFOPLIST_KEY_UIStatusBarStyle[sdk=iphonesimulator*]" = UIStatusBarStyleDefault;
				INFOPLIST_KEY_UISupportedInterfaceOrientations_iPad = "UIInterfaceOrientationPortrait UIInterfaceOrientationPortraitUpsideDown UIInterfaceOrientationLandscapeLeft UIInterfaceOrientationLandscapeRight";
				INFOPLIST_KEY_UISupportedInterfaceOrientations_iPhone = "UIInterfaceOrientationPortrait UIInterfaceOrientationLandscapeLeft UIInterfaceOrientationLandscapeRight";
				IPHONEOS_DEPLOYMENT_TARGET = 18.4;
				LD_RUNPATH_SEARCH_PATHS = "@executable_path/Frameworks";
				"LD_RUNPATH_SEARCH_PATHS[sdk=macosx*]" = "@executable_path/../Frameworks";
				MACOSX_DEPLOYMENT_TARGET = 15.4;
				MARKETING_VERSION = 1.0;
				PRODUCT_BUNDLE_IDENTIFIER = com.chontorres.ColorKitDemo2;
				PRODUCT_NAME = "$(TARGET_NAME)";
				REGISTER_APP_GROUPS = YES;
				SDKROOT = auto;
				SUPPORTED_PLATFORMS = "iphoneos iphonesimulator macosx xros xrsimulator";
				SWIFT_EMIT_LOC_STRINGS = YES;
				SWIFT_VERSION = 5.0;
				TARGETED_DEVICE_FAMILY = "1,2,7";
				XROS_DEPLOYMENT_TARGET = 2.4;
			};
			name = Debug;
		};
		4DA122972DEBF0CA006A7243 /* Release */ = {
			isa = XCBuildConfiguration;
			buildSettings = {
				ASSETCATALOG_COMPILER_APPICON_NAME = AppIcon;
				ASSETCATALOG_COMPILER_GLOBAL_ACCENT_COLOR_NAME = AccentColor;
				CODE_SIGN_ENTITLEMENTS = ColorKitDemo2/ColorKitDemo2.entitlements;
				CODE_SIGN_STYLE = Automatic;
				CURRENT_PROJECT_VERSION = 1;
				DEVELOPMENT_TEAM = 4FH6DPMUTJ;
				ENABLE_HARDENED_RUNTIME = YES;
				ENABLE_PREVIEWS = YES;
				GENERATE_INFOPLIST_FILE = YES;
				"INFOPLIST_KEY_UIApplicationSceneManifest_Generation[sdk=iphoneos*]" = YES;
				"INFOPLIST_KEY_UIApplicationSceneManifest_Generation[sdk=iphonesimulator*]" = YES;
				"INFOPLIST_KEY_UIApplicationSupportsIndirectInputEvents[sdk=iphoneos*]" = YES;
				"INFOPLIST_KEY_UIApplicationSupportsIndirectInputEvents[sdk=iphonesimulator*]" = YES;
				"INFOPLIST_KEY_UILaunchScreen_Generation[sdk=iphoneos*]" = YES;
				"INFOPLIST_KEY_UILaunchScreen_Generation[sdk=iphonesimulator*]" = YES;
				"INFOPLIST_KEY_UIStatusBarStyle[sdk=iphoneos*]" = UIStatusBarStyleDefault;
				"INFOPLIST_KEY_UIStatusBarStyle[sdk=iphonesimulator*]" = UIStatusBarStyleDefault;
				INFOPLIST_KEY_UISupportedInterfaceOrientations_iPad = "UIInterfaceOrientationPortrait UIInterfaceOrientationPortraitUpsideDown UIInterfaceOrientationLandscapeLeft UIInterfaceOrientationLandscapeRight";
				INFOPLIST_KEY_UISupportedInterfaceOrientations_iPhone = "UIInterfaceOrientationPortrait UIInterfaceOrientationLandscapeLeft UIInterfaceOrientationLandscapeRight";
				IPHONEOS_DEPLOYMENT_TARGET = 18.4;
				LD_RUNPATH_SEARCH_PATHS = "@executable_path/Frameworks";
				"LD_RUNPATH_SEARCH_PATHS[sdk=macosx*]" = "@executable_path/../Frameworks";
				MACOSX_DEPLOYMENT_TARGET = 15.4;
				MARKETING_VERSION = 1.0;
				PRODUCT_BUNDLE_IDENTIFIER = com.chontorres.ColorKitDemo2;
				PRODUCT_NAME = "$(TARGET_NAME)";
				REGISTER_APP_GROUPS = YES;
				SDKROOT = auto;
				SUPPORTED_PLATFORMS = "iphoneos iphonesimulator macosx xros xrsimulator";
				SWIFT_EMIT_LOC_STRINGS = YES;
				SWIFT_VERSION = 5.0;
				TARGETED_DEVICE_FAMILY = "1,2,7";
				XROS_DEPLOYMENT_TARGET = 2.4;
			};
			name = Release;
		};
		4DA122992DEBF0CA006A7243 /* Debug */ = {
			isa = XCBuildConfiguration;
			buildSettings = {
				BUNDLE_LOADER = "$(TEST_HOST)";
				CODE_SIGN_STYLE = Automatic;
				CURRENT_PROJECT_VERSION = 1;
				DEVELOPMENT_TEAM = 4FH6DPMUTJ;
				GENERATE_INFOPLIST_FILE = YES;
				IPHONEOS_DEPLOYMENT_TARGET = 18.4;
				MACOSX_DEPLOYMENT_TARGET = 15.4;
				MARKETING_VERSION = 1.0;
				PRODUCT_BUNDLE_IDENTIFIER = com.chontorres.ColorKitDemo2Tests;
				PRODUCT_NAME = "$(TARGET_NAME)";
				SDKROOT = auto;
				SUPPORTED_PLATFORMS = "iphoneos iphonesimulator macosx xros xrsimulator";
				SWIFT_EMIT_LOC_STRINGS = NO;
				SWIFT_VERSION = 5.0;
				TARGETED_DEVICE_FAMILY = "1,2,7";
				TEST_HOST = "$(BUILT_PRODUCTS_DIR)/ColorKitDemo2.app/$(BUNDLE_EXECUTABLE_FOLDER_PATH)/ColorKitDemo2";
				XROS_DEPLOYMENT_TARGET = 2.4;
			};
			name = Debug;
		};
		4DA1229A2DEBF0CA006A7243 /* Release */ = {
			isa = XCBuildConfiguration;
			buildSettings = {
				BUNDLE_LOADER = "$(TEST_HOST)";
				CODE_SIGN_STYLE = Automatic;
				CURRENT_PROJECT_VERSION = 1;
				DEVELOPMENT_TEAM = 4FH6DPMUTJ;
				GENERATE_INFOPLIST_FILE = YES;
				IPHONEOS_DEPLOYMENT_TARGET = 18.4;
				MACOSX_DEPLOYMENT_TARGET = 15.4;
				MARKETING_VERSION = 1.0;
				PRODUCT_BUNDLE_IDENTIFIER = com.chontorres.ColorKitDemo2Tests;
				PRODUCT_NAME = "$(TARGET_NAME)";
				SDKROOT = auto;
				SUPPORTED_PLATFORMS = "iphoneos iphonesimulator macosx xros xrsimulator";
				SWIFT_EMIT_LOC_STRINGS = NO;
				SWIFT_VERSION = 5.0;
				TARGETED_DEVICE_FAMILY = "1,2,7";
				TEST_HOST = "$(BUILT_PRODUCTS_DIR)/ColorKitDemo2.app/$(BUNDLE_EXECUTABLE_FOLDER_PATH)/ColorKitDemo2";
				XROS_DEPLOYMENT_TARGET = 2.4;
			};
			name = Release;
		};
		4DA1229C2DEBF0CA006A7243 /* Debug */ = {
			isa = XCBuildConfiguration;
			buildSettings = {
				CODE_SIGN_STYLE = Automatic;
				CURRENT_PROJECT_VERSION = 1;
				DEVELOPMENT_TEAM = 4FH6DPMUTJ;
				GENERATE_INFOPLIST_FILE = YES;
				IPHONEOS_DEPLOYMENT_TARGET = 18.4;
				MACOSX_DEPLOYMENT_TARGET = 15.4;
				MARKETING_VERSION = 1.0;
				PRODUCT_BUNDLE_IDENTIFIER = com.chontorres.ColorKitDemo2UITests;
				PRODUCT_NAME = "$(TARGET_NAME)";
				SDKROOT = auto;
				SUPPORTED_PLATFORMS = "iphoneos iphonesimulator macosx xros xrsimulator";
				SWIFT_EMIT_LOC_STRINGS = NO;
				SWIFT_VERSION = 5.0;
				TARGETED_DEVICE_FAMILY = "1,2,7";
				TEST_TARGET_NAME = ColorKitDemo2;
				XROS_DEPLOYMENT_TARGET = 2.4;
			};
			name = Debug;
		};
		4DA1229D2DEBF0CA006A7243 /* Release */ = {
			isa = XCBuildConfiguration;
			buildSettings = {
				CODE_SIGN_STYLE = Automatic;
				CURRENT_PROJECT_VERSION = 1;
				DEVELOPMENT_TEAM = 4FH6DPMUTJ;
				GENERATE_INFOPLIST_FILE = YES;
				IPHONEOS_DEPLOYMENT_TARGET = 18.4;
				MACOSX_DEPLOYMENT_TARGET = 15.4;
				MARKETING_VERSION = 1.0;
				PRODUCT_BUNDLE_IDENTIFIER = com.chontorres.ColorKitDemo2UITests;
				PRODUCT_NAME = "$(TARGET_NAME)";
				SDKROOT = auto;
				SUPPORTED_PLATFORMS = "iphoneos iphonesimulator macosx xros xrsimulator";
				SWIFT_EMIT_LOC_STRINGS = NO;
				SWIFT_VERSION = 5.0;
				TARGETED_DEVICE_FAMILY = "1,2,7";
				TEST_TARGET_NAME = ColorKitDemo2;
				XROS_DEPLOYMENT_TARGET = 2.4;
			};
			name = Release;
		};
/* End XCBuildConfiguration section */

/* Begin XCConfigurationList section */
		4DA1226E2DEBF0C8006A7243 /* Build configuration list for PBXProject "ColorKitDemo2" */ = {
			isa = XCConfigurationList;
			buildConfigurations = (
				4DA122932DEBF0CA006A7243 /* Debug */,
				4DA122942DEBF0CA006A7243 /* Release */,
			);
			defaultConfigurationIsVisible = 0;
			defaultConfigurationName = Release;
		};
		4DA122952DEBF0CA006A7243 /* Build configuration list for PBXNativeTarget "ColorKitDemo2" */ = {
			isa = XCConfigurationList;
			buildConfigurations = (
				4DA122962DEBF0CA006A7243 /* Debug */,
				4DA122972DEBF0CA006A7243 /* Release */,
			);
			defaultConfigurationIsVisible = 0;
			defaultConfigurationName = Release;
		};
		4DA122982DEBF0CA006A7243 /* Build configuration list for PBXNativeTarget "ColorKitDemo2Tests" */ = {
			isa = XCConfigurationList;
			buildConfigurations = (
				4DA122992DEBF0CA006A7243 /* Debug */,
				4DA1229A2DEBF0CA006A7243 /* Release */,
			);
			defaultConfigurationIsVisible = 0;
			defaultConfigurationName = Release;
		};
		4DA1229B2DEBF0CA006A7243 /* Build configuration list for PBXNativeTarget "ColorKitDemo2UITests" */ = {
			isa = XCConfigurationList;
			buildConfigurations = (
				4DA1229C2DEBF0CA006A7243 /* Debug */,
				4DA1229D2DEBF0CA006A7243 /* Release */,
			);
			defaultConfigurationIsVisible = 0;
			defaultConfigurationName = Release;
		};
/* End XCConfigurationList section */

/* Begin XCLocalSwiftPackageReference section */
		4DE5B64C2DEBF29E0085F70A /* XCLocalSwiftPackageReference "../../ColorKit" */ = {
			isa = XCLocalSwiftPackageReference;
			relativePath = ../../ColorKit;
		};
/* End XCLocalSwiftPackageReference section */

/* Begin XCSwiftPackageProductDependency section */
		4DE5B64E2DEBF2C60085F70A /* ColorKit */ = {
			isa = XCSwiftPackageProductDependency;
			package = 4DE5B64C2DEBF29E0085F70A /* XCLocalSwiftPackageReference "../../ColorKit" */;
			productName = ColorKit;
		};
/* End XCSwiftPackageProductDependency section */
	};
	rootObject = 4DA1226B2DEBF0C8006A7243 /* Project object */;
}
